github.com/mdp/qrterminal v1.0.1 h1:07+fzVDlPuBlXS8tB0ktTAyf+Lp1j2+2zK3fBOL5b7c=
github.com/mdp/qrterminal v1.0.1/go.mod h1:Z33WhxQe9B6CdW37HaVqcRKzP+kByF3q/qLxOGe12xQ=
github.com/skip2/go-qrcode v0.0.0-20200617195104-da1b6568686e h1:MRM5ITcdelLK2j1vwZ3Je0FKVCfqOLp5zO6trqMLYs0=
github.com/skip2/go-qrcode v0.0.0-20200617195104-da1b6568686e/go.mod h1:XV66xRDqSt+GTGFMVlhk3ULuV0y9ZmzeVGR4mloJI3M=
github.com/snksoft/crc v1.1.0 h1:HkLdI4taFlgGGG1KvsWMpz78PkOC9TkPVpTV/cuWn48=
github.com/snksoft/crc v1.1.0/go.mod h1:5/gUOsgAm7OmIhb6WJzw7w5g2zfJi4FrHYgGPdshE+A=
rsc.io/qr v0.2.0 h1:6vBLea5/NRMVTz8V66gipeLycZMl/+UlFmk8DvqQ6WY=
rsc.io/qr v0.2.0/go.mod h1:IF+uZjkb9fqyeF/4tlBoynqmQxUoPfWEKh921coOuXs=
